
Microsoft Visual Studio Solution File, Format Version 12.00
# Visual Studio Version 17
VisualStudioVersion = 17.9.34728.123
MinimumVisualStudioVersion = 10.0.40219.1
Project("{FAE04EC0-301F-11D3-BF4B-00C04F79EFBC}") = "EmpregInAPI", "EmpregInAPI.csproj", "{1A293EBA-FB9B-4CE3-9FE9-A8B210B4262A}"
EndProject
Global
	GlobalSection(SolutionConfigurationPlatforms) = preSolution
		Debug|Any CPU = Debug|Any CPU
		Release|Any CPU = Release|Any CPU
	EndGlobalSection
	GlobalSection(ProjectConfigurationPlatforms) = postSolution
		{1A293EBA-FB9B-4CE3-9FE9-A8B210B4262A}.Debug|Any CPU.ActiveCfg = Debug|Any CPU
		{1A293EBA-FB9B-4CE3-9FE9-A8B210B4262A}.Debug|Any CPU.Build.0 = Debug|Any CPU
		{1A293EBA-FB9B-4CE3-9FE9-A8B210B4262A}.Release|Any CPU.ActiveCfg = Release|Any CPU
		{1A293EBA-FB9B-4CE3-9FE9-A8B210B4262A}.Release|Any CPU.Build.0 = Release|Any CPU
	EndGlobalSection
	GlobalSection(SolutionProperties) = preSolution
		HideSolutionNode = FALSE
	EndGlobalSection
	GlobalSection(ExtensibilityGlobals) = postSolution
		SolutionGuid = {261E2492-28D1-4796-9AF9-AAF57AA7DD80}
	EndGlobalSection
EndGlobal
